
Microsoft Visual Studio Solution File, Format Version 12.00
# Visual Studio Version 17
VisualStudioVersion = 17.4.33403.182
MinimumVisualStudioVersion = 10.0.40219.1
Project("{FAE04EC0-301F-11D3-BF4B-00C04F79EFBC}") = "PorgressCharp", "PorgressCharp\PorgressCharp.csproj", "{BF1743F6-5066-4285-BC26-40D41BCBB629}"
EndProject
Global
	GlobalSection(SolutionConfigurationPlatforms) = preSolution
		Debug|Any CPU = Debug|Any CPU
		Release|Any CPU = Release|Any CPU
	EndGlobalSection
	GlobalSection(ProjectConfigurationPlatforms) = postSolution
		{BF1743F6-5066-4285-BC26-40D41BCBB629}.Debug|Any CPU.ActiveCfg = Debug|Any CPU
		{BF1743F6-5066-4285-BC26-40D41BCBB629}.Debug|Any CPU.Build.0 = Debug|Any CPU
		{BF1743F6-5066-4285-BC26-40D41BCBB629}.Release|Any CPU.ActiveCfg = Release|Any CPU
		{BF1743F6-5066-4285-BC26-40D41BCBB629}.Release|Any CPU.Build.0 = Release|Any CPU
	EndGlobalSection
	GlobalSection(SolutionProperties) = preSolution
		HideSolutionNode = FALSE
	EndGlobalSection
	GlobalSection(ExtensibilityGlobals) = postSolution
		SolutionGuid = {1B9DF539-E843-4AB4-9008-0F11B893C1D0}
	EndGlobalSection
EndGlobal
