
Microsoft Visual Studio Solution File, Format Version 12.00
# Visual Studio Version 17
VisualStudioVersion = 17.4.33403.182
MinimumVisualStudioVersion = 10.0.40219.1
Project("{FAE04EC0-301F-11D3-BF4B-00C04F79EFBC}") = "Intermediate1-OOP", "Intermediate1-OOP\Intermediate1-OOP.csproj", "{3DE3A8B3-C555-4B99-BB2C-C00244152260}"
EndProject
Project("{FAE04EC0-301F-11D3-BF4B-00C04F79EFBC}") = "Amazon", "Amazon\Amazon.csproj", "{A157E64E-8987-4862-BF82-13D10E4197A1}"
EndProject
Global
	GlobalSection(SolutionConfigurationPlatforms) = preSolution
		Debug|Any CPU = Debug|Any CPU
		Release|Any CPU = Release|Any CPU
	EndGlobalSection
	GlobalSection(ProjectConfigurationPlatforms) = postSolution
		{3DE3A8B3-C555-4B99-BB2C-C00244152260}.Debug|Any CPU.ActiveCfg = Debug|Any CPU
		{3DE3A8B3-C555-4B99-BB2C-C00244152260}.Debug|Any CPU.Build.0 = Debug|Any CPU
		{3DE3A8B3-C555-4B99-BB2C-C00244152260}.Release|Any CPU.ActiveCfg = Release|Any CPU
		{3DE3A8B3-C555-4B99-BB2C-C00244152260}.Release|Any CPU.Build.0 = Release|Any CPU
		{A157E64E-8987-4862-BF82-13D10E4197A1}.Debug|Any CPU.ActiveCfg = Debug|Any CPU
		{A157E64E-8987-4862-BF82-13D10E4197A1}.Debug|Any CPU.Build.0 = Debug|Any CPU
		{A157E64E-8987-4862-BF82-13D10E4197A1}.Release|Any CPU.ActiveCfg = Release|Any CPU
		{A157E64E-8987-4862-BF82-13D10E4197A1}.Release|Any CPU.Build.0 = Release|Any CPU
	EndGlobalSection
	GlobalSection(SolutionProperties) = preSolution
		HideSolutionNode = FALSE
	EndGlobalSection
	GlobalSection(ExtensibilityGlobals) = postSolution
		SolutionGuid = {BEC049CE-D1DF-4E5D-921C-53C2C9772F4E}
	EndGlobalSection
EndGlobal
